
Microsoft Visual Studio Solution File, Format Version 11.00
# Visual Studio 2010
Project("{FAE04EC0-301F-11D3-BF4B-00C04F79EFBC}") = "ØvelsesPlan", "ØvelsesPlan\ØvelsesPlan.csproj", "{141370E0-E8BA-4500-B80C-65E28E8A04BA}"
EndProject
Project("{FAE04EC0-301F-11D3-BF4B-00C04F79EFBC}") = "ØvelsesPlanTests", "ØvelsesPlanTests\ØvelsesPlanTests.csproj", "{AD93B244-638A-4AA4-834A-CD8D56D15701}"
EndProject
Global
	GlobalSection(SolutionConfigurationPlatforms) = preSolution
		Debug|Any CPU = Debug|Any CPU
		Release|Any CPU = Release|Any CPU
	EndGlobalSection
	GlobalSection(ProjectConfigurationPlatforms) = postSolution
		{141370E0-E8BA-4500-B80C-65E28E8A04BA}.Debug|Any CPU.ActiveCfg = Debug|Any CPU
		{141370E0-E8BA-4500-B80C-65E28E8A04BA}.Debug|Any CPU.Build.0 = Debug|Any CPU
		{141370E0-E8BA-4500-B80C-65E28E8A04BA}.Release|Any CPU.ActiveCfg = Release|Any CPU
		{141370E0-E8BA-4500-B80C-65E28E8A04BA}.Release|Any CPU.Build.0 = Release|Any CPU
		{AD93B244-638A-4AA4-834A-CD8D56D15701}.Debug|Any CPU.ActiveCfg = Debug|Any CPU
		{AD93B244-638A-4AA4-834A-CD8D56D15701}.Debug|Any CPU.Build.0 = Debug|Any CPU
		{AD93B244-638A-4AA4-834A-CD8D56D15701}.Release|Any CPU.ActiveCfg = Release|Any CPU
		{AD93B244-638A-4AA4-834A-CD8D56D15701}.Release|Any CPU.Build.0 = Release|Any CPU
	EndGlobalSection
	GlobalSection(SolutionProperties) = preSolution
		HideSolutionNode = FALSE
	EndGlobalSection
EndGlobal
